
Microsoft Visual Studio Solution File, Format Version 12.00
# Visual Studio Version 16
VisualStudioVersion = 16.0.30114.105
MinimumVisualStudioVersion = 10.0.40219.1
Project("{2150E333-8FDC-42A3-9474-1A3956D46DE8}") = "src", "src", "{689648F9-F944-4986-8F6C-268DC3BD39FD}"
EndProject
Project("{9A19103F-16F7-4668-BE54-9A1E7A4F7556}") = "Domain", "src\Domain\Domain.csproj", "{E5D1AC78-5FD6-405B-8E5E-3181FD771A21}"
EndProject
Project("{9A19103F-16F7-4668-BE54-9A1E7A4F7556}") = "Presentation", "src\Presentation\Presentation.csproj", "{D1048D6B-EED2-4508-A1AB-EE0CAA16E613}"
EndProject
Project("{9A19103F-16F7-4668-BE54-9A1E7A4F7556}") = "Application", "src\Application\Application.csproj", "{7AF90A38-6566-4F2E-AE5C-80903A82951C}"
EndProject
Project("{9A19103F-16F7-4668-BE54-9A1E7A4F7556}") = "CrossCutting.Infra", "src\CrossCutting.Infra\CrossCutting.Infra.csproj", "{CC3D965F-AFFF-4C29-974B-B0D59DDFE2EB}"
EndProject
Project("{2150E333-8FDC-42A3-9474-1A3956D46DE8}") = "Tests", "Tests", "{DEB8157F-8C10-4F9C-8AE2-033F6B761970}"
EndProject
Project("{9A19103F-16F7-4668-BE54-9A1E7A4F7556}") = "UnitTests", "Tests\UnitTests\UnitTests.csproj", "{36098E7E-7667-42EE-9439-5B88F2F6152E}"
EndProject
Project("{FAE04EC0-301F-11D3-BF4B-00C04F79EFBC}") = "Specs", "Tests\BDD\Specs\Specs.csproj", "{66781443-9723-456F-AB49-0A5B428AE8C8}"
EndProject
Global
	GlobalSection(SolutionConfigurationPlatforms) = preSolution
		Debug|Any CPU = Debug|Any CPU
		Debug|x64 = Debug|x64
		Debug|x86 = Debug|x86
		Release|Any CPU = Release|Any CPU
		Release|x64 = Release|x64
		Release|x86 = Release|x86
	EndGlobalSection
	GlobalSection(ProjectConfigurationPlatforms) = postSolution
		{E5D1AC78-5FD6-405B-8E5E-3181FD771A21}.Debug|Any CPU.ActiveCfg = Debug|Any CPU
		{E5D1AC78-5FD6-405B-8E5E-3181FD771A21}.Debug|Any CPU.Build.0 = Debug|Any CPU
		{E5D1AC78-5FD6-405B-8E5E-3181FD771A21}.Debug|x64.ActiveCfg = Debug|Any CPU
		{E5D1AC78-5FD6-405B-8E5E-3181FD771A21}.Debug|x64.Build.0 = Debug|Any CPU
		{E5D1AC78-5FD6-405B-8E5E-3181FD771A21}.Debug|x86.ActiveCfg = Debug|Any CPU
		{E5D1AC78-5FD6-405B-8E5E-3181FD771A21}.Debug|x86.Build.0 = Debug|Any CPU
		{E5D1AC78-5FD6-405B-8E5E-3181FD771A21}.Release|Any CPU.ActiveCfg = Release|Any CPU
		{E5D1AC78-5FD6-405B-8E5E-3181FD771A21}.Release|Any CPU.Build.0 = Release|Any CPU
		{E5D1AC78-5FD6-405B-8E5E-3181FD771A21}.Release|x64.ActiveCfg = Release|Any CPU
		{E5D1AC78-5FD6-405B-8E5E-3181FD771A21}.Release|x64.Build.0 = Release|Any CPU
		{E5D1AC78-5FD6-405B-8E5E-3181FD771A21}.Release|x86.ActiveCfg = Release|Any CPU
		{E5D1AC78-5FD6-405B-8E5E-3181FD771A21}.Release|x86.Build.0 = Release|Any CPU
		{D1048D6B-EED2-4508-A1AB-EE0CAA16E613}.Debug|Any CPU.ActiveCfg = Debug|Any CPU
		{D1048D6B-EED2-4508-A1AB-EE0CAA16E613}.Debug|Any CPU.Build.0 = Debug|Any CPU
		{D1048D6B-EED2-4508-A1AB-EE0CAA16E613}.Debug|x64.ActiveCfg = Debug|Any CPU
		{D1048D6B-EED2-4508-A1AB-EE0CAA16E613}.Debug|x64.Build.0 = Debug|Any CPU
		{D1048D6B-EED2-4508-A1AB-EE0CAA16E613}.Debug|x86.ActiveCfg = Debug|Any CPU
		{D1048D6B-EED2-4508-A1AB-EE0CAA16E613}.Debug|x86.Build.0 = Debug|Any CPU
		{D1048D6B-EED2-4508-A1AB-EE0CAA16E613}.Release|Any CPU.ActiveCfg = Release|Any CPU
		{D1048D6B-EED2-4508-A1AB-EE0CAA16E613}.Release|Any CPU.Build.0 = Release|Any CPU
		{D1048D6B-EED2-4508-A1AB-EE0CAA16E613}.Release|x64.ActiveCfg = Release|Any CPU
		{D1048D6B-EED2-4508-A1AB-EE0CAA16E613}.Release|x64.Build.0 = Release|Any CPU
		{D1048D6B-EED2-4508-A1AB-EE0CAA16E613}.Release|x86.ActiveCfg = Release|Any CPU
		{D1048D6B-EED2-4508-A1AB-EE0CAA16E613}.Release|x86.Build.0 = Release|Any CPU
		{7AF90A38-6566-4F2E-AE5C-80903A82951C}.Debug|Any CPU.ActiveCfg = Debug|Any CPU
		{7AF90A38-6566-4F2E-AE5C-80903A82951C}.Debug|Any CPU.Build.0 = Debug|Any CPU
		{7AF90A38-6566-4F2E-AE5C-80903A82951C}.Debug|x64.ActiveCfg = Debug|Any CPU
		{7AF90A38-6566-4F2E-AE5C-80903A82951C}.Debug|x64.Build.0 = Debug|Any CPU
		{7AF90A38-6566-4F2E-AE5C-80903A82951C}.Debug|x86.ActiveCfg = Debug|Any CPU
		{7AF90A38-6566-4F2E-AE5C-80903A82951C}.Debug|x86.Build.0 = Debug|Any CPU
		{7AF90A38-6566-4F2E-AE5C-80903A82951C}.Release|Any CPU.ActiveCfg = Release|Any CPU
		{7AF90A38-6566-4F2E-AE5C-80903A82951C}.Release|Any CPU.Build.0 = Release|Any CPU
		{7AF90A38-6566-4F2E-AE5C-80903A82951C}.Release|x64.ActiveCfg = Release|Any CPU
		{7AF90A38-6566-4F2E-AE5C-80903A82951C}.Release|x64.Build.0 = Release|Any CPU
		{7AF90A38-6566-4F2E-AE5C-80903A82951C}.Release|x86.ActiveCfg = Release|Any CPU
		{7AF90A38-6566-4F2E-AE5C-80903A82951C}.Release|x86.Build.0 = Release|Any CPU
		{CC3D965F-AFFF-4C29-974B-B0D59DDFE2EB}.Debug|Any CPU.ActiveCfg = Debug|Any CPU
		{CC3D965F-AFFF-4C29-974B-B0D59DDFE2EB}.Debug|Any CPU.Build.0 = Debug|Any CPU
		{CC3D965F-AFFF-4C29-974B-B0D59DDFE2EB}.Debug|x64.ActiveCfg = Debug|Any CPU
		{CC3D965F-AFFF-4C29-974B-B0D59DDFE2EB}.Debug|x64.Build.0 = Debug|Any CPU
		{CC3D965F-AFFF-4C29-974B-B0D59DDFE2EB}.Debug|x86.ActiveCfg = Debug|Any CPU
		{CC3D965F-AFFF-4C29-974B-B0D59DDFE2EB}.Debug|x86.Build.0 = Debug|Any CPU
		{CC3D965F-AFFF-4C29-974B-B0D59DDFE2EB}.Release|Any CPU.ActiveCfg = Release|Any CPU
		{CC3D965F-AFFF-4C29-974B-B0D59DDFE2EB}.Release|Any CPU.Build.0 = Release|Any CPU
		{CC3D965F-AFFF-4C29-974B-B0D59DDFE2EB}.Release|x64.ActiveCfg = Release|Any CPU
		{CC3D965F-AFFF-4C29-974B-B0D59DDFE2EB}.Release|x64.Build.0 = Release|Any CPU
		{CC3D965F-AFFF-4C29-974B-B0D59DDFE2EB}.Release|x86.ActiveCfg = Release|Any CPU
		{CC3D965F-AFFF-4C29-974B-B0D59DDFE2EB}.Release|x86.Build.0 = Release|Any CPU
		{36098E7E-7667-42EE-9439-5B88F2F6152E}.Debug|Any CPU.ActiveCfg = Debug|Any CPU
		{36098E7E-7667-42EE-9439-5B88F2F6152E}.Debug|Any CPU.Build.0 = Debug|Any CPU
		{36098E7E-7667-42EE-9439-5B88F2F6152E}.Debug|x64.ActiveCfg = Debug|Any CPU
		{36098E7E-7667-42EE-9439-5B88F2F6152E}.Debug|x64.Build.0 = Debug|Any CPU
		{36098E7E-7667-42EE-9439-5B88F2F6152E}.Debug|x86.ActiveCfg = Debug|Any CPU
		{36098E7E-7667-42EE-9439-5B88F2F6152E}.Debug|x86.Build.0 = Debug|Any CPU
		{36098E7E-7667-42EE-9439-5B88F2F6152E}.Release|Any CPU.ActiveCfg = Release|Any CPU
		{36098E7E-7667-42EE-9439-5B88F2F6152E}.Release|Any CPU.Build.0 = Release|Any CPU
		{36098E7E-7667-42EE-9439-5B88F2F6152E}.Release|x64.ActiveCfg = Release|Any CPU
		{36098E7E-7667-42EE-9439-5B88F2F6152E}.Release|x64.Build.0 = Release|Any CPU
		{36098E7E-7667-42EE-9439-5B88F2F6152E}.Release|x86.ActiveCfg = Release|Any CPU
		{36098E7E-7667-42EE-9439-5B88F2F6152E}.Release|x86.Build.0 = Release|Any CPU
		{66781443-9723-456F-AB49-0A5B428AE8C8}.Debug|Any CPU.ActiveCfg = Debug|Any CPU
		{66781443-9723-456F-AB49-0A5B428AE8C8}.Debug|Any CPU.Build.0 = Debug|Any CPU
		{66781443-9723-456F-AB49-0A5B428AE8C8}.Debug|x64.ActiveCfg = Debug|Any CPU
		{66781443-9723-456F-AB49-0A5B428AE8C8}.Debug|x64.Build.0 = Debug|Any CPU
		{66781443-9723-456F-AB49-0A5B428AE8C8}.Debug|x86.ActiveCfg = Debug|Any CPU
		{66781443-9723-456F-AB49-0A5B428AE8C8}.Debug|x86.Build.0 = Debug|Any CPU
		{66781443-9723-456F-AB49-0A5B428AE8C8}.Release|Any CPU.ActiveCfg = Release|Any CPU
		{66781443-9723-456F-AB49-0A5B428AE8C8}.Release|Any CPU.Build.0 = Release|Any CPU
		{66781443-9723-456F-AB49-0A5B428AE8C8}.Release|x64.ActiveCfg = Release|Any CPU
		{66781443-9723-456F-AB49-0A5B428AE8C8}.Release|x64.Build.0 = Release|Any CPU
		{66781443-9723-456F-AB49-0A5B428AE8C8}.Release|x86.ActiveCfg = Release|Any CPU
		{66781443-9723-456F-AB49-0A5B428AE8C8}.Release|x86.Build.0 = Release|Any CPU
	EndGlobalSection
	GlobalSection(SolutionProperties) = preSolution
		HideSolutionNode = FALSE
	EndGlobalSection
	GlobalSection(NestedProjects) = preSolution
		{E5D1AC78-5FD6-405B-8E5E-3181FD771A21} = {689648F9-F944-4986-8F6C-268DC3BD39FD}
		{D1048D6B-EED2-4508-A1AB-EE0CAA16E613} = {689648F9-F944-4986-8F6C-268DC3BD39FD}
		{7AF90A38-6566-4F2E-AE5C-80903A82951C} = {689648F9-F944-4986-8F6C-268DC3BD39FD}
		{CC3D965F-AFFF-4C29-974B-B0D59DDFE2EB} = {689648F9-F944-4986-8F6C-268DC3BD39FD}
		{36098E7E-7667-42EE-9439-5B88F2F6152E} = {DEB8157F-8C10-4F9C-8AE2-033F6B761970}
		{66781443-9723-456F-AB49-0A5B428AE8C8} = {DEB8157F-8C10-4F9C-8AE2-033F6B761970}
	EndGlobalSection
	GlobalSection(ExtensibilityGlobals) = postSolution
		SolutionGuid = {C2BEB039-656C-44A7-A76E-449D7D8A4107}
	EndGlobalSection
EndGlobal
